{
  "version": 4,
  "terraform_version": "0.14.3",
  "serial": 2,
  "lineage": "d8fed6b5-6c1e-c0f5-1788-925d8a8cface",
  "outputs": {},
  "resources": [
    {
      "mode": "managed",
      "type": "azurerm_cosmosdb_sql_container",
      "name": "items",
      "provider": "provider[\"registry.terraform.io/hashicorp/azurerm\"]",
      "instances": []
    },
    {
      "mode": "managed",
      "type": "azurerm_cosmosdb_sql_database",
      "name": "order_tracking_db",
      "provider": "provider[\"registry.terraform.io/hashicorp/azurerm\"]",
      "instances": []
    },
    {
      "mode": "managed",
      "type": "azurerm_resource_group",
      "name": "andys-new-resource-group",
      "provider": "provider[\"registry.terraform.io/hashicorp/azurerm\"]",
      "instances": [
        {
          "schema_version": 0,
          "attributes": {
            "id": "/subscriptions/19ea74f3-cc3e-44df-a118-797920825fd2/resourceGroups/andys-new-resourse-group",
            "location": "uksouth",
            "name": "andys-new-resourse-group",
            "tags": {
              "build": "1.0",
              "environment": "default",
              "product": "styles",
              "unmanaged": "true"
            },
            "timeouts": null
          },
          "sensitive_attributes": [],
          "private": "eyJlMmJmYjczMC1lY2FhLTExZTYtOGY4OC0zNDM2M2JjN2M0YzAiOnsiY3JlYXRlIjo1NDAwMDAwMDAwMDAwLCJkZWxldGUiOjU0MDAwMDAwMDAwMDAsInJlYWQiOjMwMDAwMDAwMDAwMCwidXBkYXRlIjo1NDAwMDAwMDAwMDAwfX0="
        }
      ]
    }
  ]
}
